// !$*UTF8*$!
{
	archiveVersion = 1;
	classes = {
	};
	objectVersion = 55;
	objects = {

/* Begin PBXBuildFile section */
		9601C25F28235A7500218923 /* CadastroViewController.swift in Sources */ = {isa = PBXBuildFile; fileRef = 9601C25E28235A7500218923 /* CadastroViewController.swift */; };
		9601C26128235A8900218923 /* ControleViewController.swift in Sources */ = {isa = PBXBuildFile; fileRef = 9601C26028235A8900218923 /* ControleViewController.swift */; };
		9660A72D282A9667006F12C3 /* Usuario.swift in Sources */ = {isa = PBXBuildFile; fileRef = 9660A72C282A9667006F12C3 /* Usuario.swift */; };
		9660A796282A9D11006F12C3 /* SQLite in Frameworks */ = {isa = PBXBuildFile; productRef = 9660A795282A9D11006F12C3 /* SQLite */; };
		9660A799282A9DBA006F12C3 /* SQLiteDatabase.swift in Sources */ = {isa = PBXBuildFile; fileRef = 9660A798282A9DBA006F12C3 /* SQLiteDatabase.swift */; };
		9660A79C282AA0AE006F12C3 /* SQLiteCommands.swift in Sources */ = {isa = PBXBuildFile; fileRef = 9660A79B282AA0AE006F12C3 /* SQLiteCommands.swift */; };
		9660A79F282AAF71006F12C3 /* CadatroUsuarioViewModel.swift in Sources */ = {isa = PBXBuildFile; fileRef = 9660A79E282AAF71006F12C3 /* CadatroUsuarioViewModel.swift */; };
		9687C17D281B6D1C0024724F /* AppDelegate.swift in Sources */ = {isa = PBXBuildFile; fileRef = 9687C17C281B6D1C0024724F /* AppDelegate.swift */; };
		9687C17F281B6D1C0024724F /* SceneDelegate.swift in Sources */ = {isa = PBXBuildFile; fileRef = 9687C17E281B6D1C0024724F /* SceneDelegate.swift */; };
		9687C181281B6D1C0024724F /* ViewController.swift in Sources */ = {isa = PBXBuildFile; fileRef = 9687C180281B6D1C0024724F /* ViewController.swift */; };
		9687C184281B6D1C0024724F /* Main.storyboard in Resources */ = {isa = PBXBuildFile; fileRef = 9687C182281B6D1C0024724F /* Main.storyboard */; };
		9687C186281B6D1F0024724F /* Assets.xcassets in Resources */ = {isa = PBXBuildFile; fileRef = 9687C185281B6D1F0024724F /* Assets.xcassets */; };
		9687C189281B6D1F0024724F /* LaunchScreen.storyboard in Resources */ = {isa = PBXBuildFile; fileRef = 9687C187281B6D1F0024724F /* LaunchScreen.storyboard */; };
		96EE954A282C898500B670E1 /* ContaBancaria.swift in Sources */ = {isa = PBXBuildFile; fileRef = 96EE9549282C898500B670E1 /* ContaBancaria.swift */; };
		96EE954C282C8AB900B670E1 /* SQLiteCommandsConta.swift in Sources */ = {isa = PBXBuildFile; fileRef = 96EE954B282C8AB900B670E1 /* SQLiteCommandsConta.swift */; };
		96EE954E282C939300B670E1 /* ControleAdicionarContaViewModel.swift in Sources */ = {isa = PBXBuildFile; fileRef = 96EE954D282C939300B670E1 /* ControleAdicionarContaViewModel.swift */; };
		96EE9554282C975700B670E1 /* AdicionarContaViewController.swift in Sources */ = {isa = PBXBuildFile; fileRef = 96EE9553282C975700B670E1 /* AdicionarContaViewController.swift */; };
/* End PBXBuildFile section */

/* Begin PBXCopyFilesBuildPhase section */
		9660A763282A9B53006F12C3 /* Embed Frameworks */ = {
			isa = PBXCopyFilesBuildPhase;
			buildActionMask = 2147483647;
			dstPath = "";
			dstSubfolderSpec = 10;
			files = (
			);
			name = "Embed Frameworks";
			runOnlyForDeploymentPostprocessing = 0;
		};
/* End PBXCopyFilesBuildPhase section */

/* Begin PBXFileReference section */
		9601C25E28235A7500218923 /* CadastroViewController.swift */ = {isa = PBXFileReference; lastKnownFileType = sourcecode.swift; path = CadastroViewController.swift; sourceTree = "<group>"; };
		9601C26028235A8900218923 /* ControleViewController.swift */ = {isa = PBXFileReference; lastKnownFileType = sourcecode.swift; path = ControleViewController.swift; sourceTree = "<group>"; };
		9660A72C282A9667006F12C3 /* Usuario.swift */ = {isa = PBXFileReference; lastKnownFileType = sourcecode.swift; path = Usuario.swift; sourceTree = "<group>"; };
		9660A798282A9DBA006F12C3 /* SQLiteDatabase.swift */ = {isa = PBXFileReference; lastKnownFileType = sourcecode.swift; path = SQLiteDatabase.swift; sourceTree = "<group>"; };
		9660A79B282AA0AE006F12C3 /* SQLiteCommands.swift */ = {isa = PBXFileReference; lastKnownFileType = sourcecode.swift; path = SQLiteCommands.swift; sourceTree = "<group>"; };
		9660A79E282AAF71006F12C3 /* CadatroUsuarioViewModel.swift */ = {isa = PBXFileReference; lastKnownFileType = sourcecode.swift; path = CadatroUsuarioViewModel.swift; sourceTree = "<group>"; };
		9687C17C281B6D1C0024724F /* AppDelegate.swift */ = {isa = PBXFileReference; lastKnownFileType = sourcecode.swift; path = AppDelegate.swift; sourceTree = "<group>"; };
		9687C17E281B6D1C0024724F /* SceneDelegate.swift */ = {isa = PBXFileReference; lastKnownFileType = sourcecode.swift; path = SceneDelegate.swift; sourceTree = "<group>"; };
		9687C180281B6D1C0024724F /* ViewController.swift */ = {isa = PBXFileReference; lastKnownFileType = sourcecode.swift; path = ViewController.swift; sourceTree = "<group>"; };
		9687C183281B6D1C0024724F /* Base */ = {isa = PBXFileReference; lastKnownFileType = file.storyboard; name = Base; path = Base.lproj/Main.storyboard; sourceTree = "<group>"; };
		9687C185281B6D1F0024724F /* Assets.xcassets */ = {isa = PBXFileReference; lastKnownFileType = folder.assetcatalog; path = Assets.xcassets; sourceTree = "<group>"; };
		9687C188281B6D1F0024724F /* Base */ = {isa = PBXFileReference; lastKnownFileType = file.storyboard; name = Base; path = Base.lproj/LaunchScreen.storyboard; sourceTree = "<group>"; };
		9687C18A281B6D1F0024724F /* Info.plist */ = {isa = PBXFileReference; lastKnownFileType = text.plist.xml; path = Info.plist; sourceTree = "<group>"; };
		96EE9548282C891000B670E1 /* financas-project.app */ = {isa = PBXFileReference; explicitFileType = wrapper.application; includeInIndex = 0; path = "financas-project.app"; sourceTree = BUILT_PRODUCTS_DIR; };
		96EE9549282C898500B670E1 /* ContaBancaria.swift */ = {isa = PBXFileReference; lastKnownFileType = sourcecode.swift; path = ContaBancaria.swift; sourceTree = "<group>"; };
		96EE954B282C8AB900B670E1 /* SQLiteCommandsConta.swift */ = {isa = PBXFileReference; lastKnownFileType = sourcecode.swift; path = SQLiteCommandsConta.swift; sourceTree = "<group>"; };
		96EE954D282C939300B670E1 /* ControleAdicionarContaViewModel.swift */ = {isa = PBXFileReference; lastKnownFileType = sourcecode.swift; path = ControleAdicionarContaViewModel.swift; sourceTree = "<group>"; };
		96EE9553282C975700B670E1 /* AdicionarContaViewController.swift */ = {isa = PBXFileReference; lastKnownFileType = sourcecode.swift; path = AdicionarContaViewController.swift; sourceTree = "<group>"; };
/* End PBXFileReference section */

/* Begin PBXFrameworksBuildPhase section */
		9687C176281B6D1C0024724F /* Frameworks */ = {
			isa = PBXFrameworksBuildPhase;
			buildActionMask = 2147483647;
			files = (
				9660A796282A9D11006F12C3 /* SQLite in Frameworks */,
			);
			runOnlyForDeploymentPostprocessing = 0;
		};
/* End PBXFrameworksBuildPhase section */

/* Begin PBXGroup section */
		9660A79A282A9E88006F12C3 /* SQLiteDatasource */ = {
			isa = PBXGroup;
			children = (
				9660A798282A9DBA006F12C3 /* SQLiteDatabase.swift */,
				9660A79B282AA0AE006F12C3 /* SQLiteCommands.swift */,
				96EE954B282C8AB900B670E1 /* SQLiteCommandsConta.swift */,
			);
			path = SQLiteDatasource;
			sourceTree = "<group>";
		};
		9660A79D282AAF4A006F12C3 /* ViewModel */ = {
			isa = PBXGroup;
			children = (
				9660A79E282AAF71006F12C3 /* CadatroUsuarioViewModel.swift */,
				96EE954D282C939300B670E1 /* ControleAdicionarContaViewModel.swift */,
			);
			path = ViewModel;
			sourceTree = "<group>";
		};
		9687C170281B6D1C0024724F = {
			isa = PBXGroup;
			children = (
				9687C17B281B6D1C0024724F /* financas-project */,
				96EE9548282C891000B670E1 /* financas-project.app */,
			);
			sourceTree = "<group>";
		};
		9687C17B281B6D1C0024724F /* financas-project */ = {
			isa = PBXGroup;
			children = (
				9660A79D282AAF4A006F12C3 /* ViewModel */,
				9660A79A282A9E88006F12C3 /* SQLiteDatasource */,
				96B7666928235928004FACB2 /* Model */,
				96B76664282356CE004FACB2 /* Controller */,
				9687C17C281B6D1C0024724F /* AppDelegate.swift */,
				9687C17E281B6D1C0024724F /* SceneDelegate.swift */,
				9687C182281B6D1C0024724F /* Main.storyboard */,
				9687C185281B6D1F0024724F /* Assets.xcassets */,
				9687C187281B6D1F0024724F /* LaunchScreen.storyboard */,
				9687C18A281B6D1F0024724F /* Info.plist */,
			);
			path = "financas-project";
			sourceTree = "<group>";
		};
		96B76664282356CE004FACB2 /* Controller */ = {
			isa = PBXGroup;
			children = (
				9687C180281B6D1C0024724F /* ViewController.swift */,
				9601C25E28235A7500218923 /* CadastroViewController.swift */,
				9601C26028235A8900218923 /* ControleViewController.swift */,
				96EE9553282C975700B670E1 /* AdicionarContaViewController.swift */,
			);
			path = Controller;
			sourceTree = "<group>";
		};
		96B7666928235928004FACB2 /* Model */ = {
			isa = PBXGroup;
			children = (
				9660A72C282A9667006F12C3 /* Usuario.swift */,
				96EE9549282C898500B670E1 /* ContaBancaria.swift */,
			);
			path = Model;
			sourceTree = "<group>";
		};
/* End PBXGroup section */

/* Begin PBXNativeTarget section */
		9687C178281B6D1C0024724F /* financas-project */ = {
			isa = PBXNativeTarget;
			buildConfigurationList = 9687C18D281B6D1F0024724F /* Build configuration list for PBXNativeTarget "financas-project" */;
			buildPhases = (
				9687C175281B6D1C0024724F /* Sources */,
				9687C176281B6D1C0024724F /* Frameworks */,
				9687C177281B6D1C0024724F /* Resources */,
				9660A763282A9B53006F12C3 /* Embed Frameworks */,
			);
			buildRules = (
			);
			dependencies = (
			);
			name = "financas-project";
			packageProductDependencies = (
				9660A795282A9D11006F12C3 /* SQLite */,
			);
			productName = "financas-project";
			productReference = 96EE9548282C891000B670E1 /* financas-project.app */;
			productType = "com.apple.product-type.application";
		};
/* End PBXNativeTarget section */

/* Begin PBXProject section */
		9687C171281B6D1C0024724F /* Project object */ = {
			isa = PBXProject;
			attributes = {
				BuildIndependentTargetsInParallel = 1;
				LastSwiftUpdateCheck = 1330;
				LastUpgradeCheck = 1330;
				TargetAttributes = {
					9687C178281B6D1C0024724F = {
						CreatedOnToolsVersion = 13.3;
					};
				};
			};
			buildConfigurationList = 9687C174281B6D1C0024724F /* Build configuration list for PBXProject "financas-project" */;
			compatibilityVersion = "Xcode 13.0";
			developmentRegion = en;
			hasScannedForEncodings = 0;
			knownRegions = (
				en,
				Base,
			);
			mainGroup = 9687C170281B6D1C0024724F;
			packageReferences = (
				9660A794282A9D11006F12C3 /* XCRemoteSwiftPackageReference "SQLite" */,
			);
			productRefGroup = 9687C170281B6D1C0024724F;
			projectDirPath = "";
			projectRoot = "";
			targets = (
				9687C178281B6D1C0024724F /* financas-project */,
			);
		};
/* End PBXProject section */

/* Begin PBXResourcesBuildPhase section */
		9687C177281B6D1C0024724F /* Resources */ = {
			isa = PBXResourcesBuildPhase;
			buildActionMask = 2147483647;
			files = (
				9687C189281B6D1F0024724F /* LaunchScreen.storyboard in Resources */,
				9687C186281B6D1F0024724F /* Assets.xcassets in Resources */,
				9687C184281B6D1C0024724F /* Main.storyboard in Resources */,
			);
			runOnlyForDeploymentPostprocessing = 0;
		};
/* End PBXResourcesBuildPhase section */

/* Begin PBXSourcesBuildPhase section */
		9687C175281B6D1C0024724F /* Sources */ = {
			isa = PBXSourcesBuildPhase;
			buildActionMask = 2147483647;
			files = (
				9687C181281B6D1C0024724F /* ViewController.swift in Sources */,
				9687C17D281B6D1C0024724F /* AppDelegate.swift in Sources */,
				9660A72D282A9667006F12C3 /* Usuario.swift in Sources */,
				9660A79F282AAF71006F12C3 /* CadatroUsuarioViewModel.swift in Sources */,
				96EE9554282C975700B670E1 /* AdicionarContaViewController.swift in Sources */,
				9660A79C282AA0AE006F12C3 /* SQLiteCommands.swift in Sources */,
				96EE954C282C8AB900B670E1 /* SQLiteCommandsConta.swift in Sources */,
				96EE954E282C939300B670E1 /* ControleAdicionarContaViewModel.swift in Sources */,
				9601C26128235A8900218923 /* ControleViewController.swift in Sources */,
				96EE954A282C898500B670E1 /* ContaBancaria.swift in Sources */,
				9687C17F281B6D1C0024724F /* SceneDelegate.swift in Sources */,
				9601C25F28235A7500218923 /* CadastroViewController.swift in Sources */,
				9660A799282A9DBA006F12C3 /* SQLiteDatabase.swift in Sources */,
			);
			runOnlyForDeploymentPostprocessing = 0;
		};
/* End PBXSourcesBuildPhase section */

/* Begin PBXVariantGroup section */
		9687C182281B6D1C0024724F /* Main.storyboard */ = {
			isa = PBXVariantGroup;
			children = (
				9687C183281B6D1C0024724F /* Base */,
			);
			name = Main.storyboard;
			sourceTree = "<group>";
		};
		9687C187281B6D1F0024724F /* LaunchScreen.storyboard */ = {
			isa = PBXVariantGroup;
			children = (
				9687C188281B6D1F0024724F /* Base */,
			);
			name = LaunchScreen.storyboard;
			sourceTree = "<group>";
		};
/* End PBXVariantGroup section */

/* Begin XCBuildConfiguration section */
		9687C18B281B6D1F0024724F /* Debug */ = {
			isa = XCBuildConfiguration;
			buildSettings = {
				ALWAYS_SEARCH_USER_PATHS = NO;
				CLANG_ANALYZER_NONNULL = YES;
				CLANG_ANALYZER_NUMBER_OBJECT_CONVERSION = YES_AGGRESSIVE;
				CLANG_CXX_LANGUAGE_STANDARD = "gnu++17";
				CLANG_ENABLE_MODULES = YES;
				CLANG_ENABLE_OBJC_ARC = YES;
				CLANG_ENABLE_OBJC_WEAK = YES;
				CLANG_WARN_BLOCK_CAPTURE_AUTORELEASING = YES;
				CLANG_WARN_BOOL_CONVERSION = YES;
				CLANG_WARN_COMMA = YES;
				CLANG_WARN_CONSTANT_CONVERSION = YES;
				CLANG_WARN_DEPRECATED_OBJC_IMPLEMENTATIONS = YES;
				CLANG_WARN_DIRECT_OBJC_ISA_USAGE = YES_ERROR;
				CLANG_WARN_DOCUMENTATION_COMMENTS = YES;
				CLANG_WARN_EMPTY_BODY = YES;
				CLANG_WARN_ENUM_CONVERSION = YES;
				CLANG_WARN_INFINITE_RECURSION = YES;
				CLANG_WARN_INT_CONVERSION = YES;
				CLANG_WARN_NON_LITERAL_NULL_CONVERSION = YES;
				CLANG_WARN_OBJC_IMPLICIT_RETAIN_SELF = YES;
				CLANG_WARN_OBJC_LITERAL_CONVERSION = YES;
				CLANG_WARN_OBJC_ROOT_CLASS = YES_ERROR;
				CLANG_WARN_QUOTED_INCLUDE_IN_FRAMEWORK_HEADER = YES;
				CLANG_WARN_RANGE_LOOP_ANALYSIS = YES;
				CLANG_WARN_STRICT_PROTOTYPES = YES;
				CLANG_WARN_SUSPICIOUS_MOVE = YES;
				CLANG_WARN_UNGUARDED_AVAILABILITY = YES_AGGRESSIVE;
				CLANG_WARN_UNREACHABLE_CODE = YES;
				CLANG_WARN__DUPLICATE_METHOD_MATCH = YES;
				COPY_PHASE_STRIP = NO;
				DEBUG_INFORMATION_FORMAT = dwarf;
				ENABLE_STRICT_OBJC_MSGSEND = YES;
				ENABLE_TESTABILITY = YES;
				GCC_C_LANGUAGE_STANDARD = gnu11;
				GCC_DYNAMIC_NO_PIC = NO;
				GCC_NO_COMMON_BLOCKS = YES;
				GCC_OPTIMIZATION_LEVEL = 0;
				GCC_PREPROCESSOR_DEFINITIONS = (
					"DEBUG=1",
					"$(inherited)",
				);
				GCC_WARN_64_TO_32_BIT_CONVERSION = YES;
				GCC_WARN_ABOUT_RETURN_TYPE = YES_ERROR;
				GCC_WARN_UNDECLARED_SELECTOR = YES;
				GCC_WARN_UNINITIALIZED_AUTOS = YES_AGGRESSIVE;
				GCC_WARN_UNUSED_FUNCTION = YES;
				GCC_WARN_UNUSED_VARIABLE = YES;
				IPHONEOS_DEPLOYMENT_TARGET = 15.4;
				MTL_ENABLE_DEBUG_INFO = INCLUDE_SOURCE;
				MTL_FAST_MATH = YES;
				ONLY_ACTIVE_ARCH = YES;
				SDKROOT = iphoneos;
				SWIFT_ACTIVE_COMPILATION_CONDITIONS = DEBUG;
				SWIFT_OPTIMIZATION_LEVEL = "-Onone";
			};
			name = Debug;
		};
		9687C18C281B6D1F0024724F /* Release */ = {
			isa = XCBuildConfiguration;
			buildSettings = {
				ALWAYS_SEARCH_USER_PATHS = NO;
				CLANG_ANALYZER_NONNULL = YES;
				CLANG_ANALYZER_NUMBER_OBJECT_CONVERSION = YES_AGGRESSIVE;
				CLANG_CXX_LANGUAGE_STANDARD = "gnu++17";
				CLANG_ENABLE_MODULES = YES;
				CLANG_ENABLE_OBJC_ARC = YES;
				CLANG_ENABLE_OBJC_WEAK = YES;
				CLANG_WARN_BLOCK_CAPTURE_AUTORELEASING = YES;
				CLANG_WARN_BOOL_CONVERSION = YES;
				CLANG_WARN_COMMA = YES;
				CLANG_WARN_CONSTANT_CONVERSION = YES;
				CLANG_WARN_DEPRECATED_OBJC_IMPLEMENTATIONS = YES;
				CLANG_WARN_DIRECT_OBJC_ISA_USAGE = YES_ERROR;
				CLANG_WARN_DOCUMENTATION_COMMENTS = YES;
				CLANG_WARN_EMPTY_BODY = YES;
				CLANG_WARN_ENUM_CONVERSION = YES;
				CLANG_WARN_INFINITE_RECURSION = YES;
				CLANG_WARN_INT_CONVERSION = YES;
				CLANG_WARN_NON_LITERAL_NULL_CONVERSION = YES;
				CLANG_WARN_OBJC_IMPLICIT_RETAIN_SELF = YES;
				CLANG_WARN_OBJC_LITERAL_CONVERSION = YES;
				CLANG_WARN_OBJC_ROOT_CLASS = YES_ERROR;
				CLANG_WARN_QUOTED_INCLUDE_IN_FRAMEWORK_HEADER = YES;
				CLANG_WARN_RANGE_LOOP_ANALYSIS = YES;
				CLANG_WARN_STRICT_PROTOTYPES = YES;
				CLANG_WARN_SUSPICIOUS_MOVE = YES;
				CLANG_WARN_UNGUARDED_AVAILABILITY = YES_AGGRESSIVE;
				CLANG_WARN_UNREACHABLE_CODE = YES;
				CLANG_WARN__DUPLICATE_METHOD_MATCH = YES;
				COPY_PHASE_STRIP = NO;
				DEBUG_INFORMATION_FORMAT = "dwarf-with-dsym";
				ENABLE_NS_ASSERTIONS = NO;
				ENABLE_STRICT_OBJC_MSGSEND = YES;
				GCC_C_LANGUAGE_STANDARD = gnu11;
				GCC_NO_COMMON_BLOCKS = YES;
				GCC_WARN_64_TO_32_BIT_CONVERSION = YES;
				GCC_WARN_ABOUT_RETURN_TYPE = YES_ERROR;
				GCC_WARN_UNDECLARED_SELECTOR = YES;
				GCC_WARN_UNINITIALIZED_AUTOS = YES_AGGRESSIVE;
				GCC_WARN_UNUSED_FUNCTION = YES;
				GCC_WARN_UNUSED_VARIABLE = YES;
				IPHONEOS_DEPLOYMENT_TARGET = 15.4;
				MTL_ENABLE_DEBUG_INFO = NO;
				MTL_FAST_MATH = YES;
				SDKROOT = iphoneos;
				SWIFT_COMPILATION_MODE = wholemodule;
				SWIFT_OPTIMIZATION_LEVEL = "-O";
				VALIDATE_PRODUCT = YES;
			};
			name = Release;
		};
		9687C18E281B6D1F0024724F /* Debug */ = {
			isa = XCBuildConfiguration;
			buildSettings = {
				ASSETCATALOG_COMPILER_APPICON_NAME = AppIcon;
				ASSETCATALOG_COMPILER_GLOBAL_ACCENT_COLOR_NAME = AccentColor;
				CODE_SIGN_STYLE = Automatic;
				CURRENT_PROJECT_VERSION = 1;
				GENERATE_INFOPLIST_FILE = YES;
				INFOPLIST_FILE = "financas-project/Info.plist";
				INFOPLIST_KEY_UIApplicationSupportsIndirectInputEvents = YES;
				INFOPLIST_KEY_UILaunchStoryboardName = LaunchScreen;
				INFOPLIST_KEY_UIMainStoryboardFile = Main;
				INFOPLIST_KEY_UISupportedInterfaceOrientations_iPad = "UIInterfaceOrientationPortrait UIInterfaceOrientationPortraitUpsideDown UIInterfaceOrientationLandscapeLeft UIInterfaceOrientationLandscapeRight";
				INFOPLIST_KEY_UISupportedInterfaceOrientations_iPhone = "UIInterfaceOrientationPortrait UIInterfaceOrientationLandscapeLeft UIInterfaceOrientationLandscapeRight";
				LD_RUNPATH_SEARCH_PATHS = (
					"$(inherited)",
					"@executable_path/Frameworks",
				);
				MARKETING_VERSION = 1.0;
				PRODUCT_BUNDLE_IDENTIFIER = "com.br.pedrohenrique.financas-project";
				PRODUCT_NAME = "$(TARGET_NAME)";
				SWIFT_EMIT_LOC_STRINGS = YES;
				SWIFT_VERSION = 5.0;
				TARGETED_DEVICE_FAMILY = "1,2";
			};
			name = Debug;
		};
		9687C18F281B6D1F0024724F /* Release */ = {
			isa = XCBuildConfiguration;
			buildSettings = {
				ASSETCATALOG_COMPILER_APPICON_NAME = AppIcon;
				ASSETCATALOG_COMPILER_GLOBAL_ACCENT_COLOR_NAME = AccentColor;
				CODE_SIGN_STYLE = Automatic;
				CURRENT_PROJECT_VERSION = 1;
				GENERATE_INFOPLIST_FILE = YES;
				INFOPLIST_FILE = "financas-project/Info.plist";
				INFOPLIST_KEY_UIApplicationSupportsIndirectInputEvents = YES;
				INFOPLIST_KEY_UILaunchStoryboardName = LaunchScreen;
				INFOPLIST_KEY_UIMainStoryboardFile = Main;
				INFOPLIST_KEY_UISupportedInterfaceOrientations_iPad = "UIInterfaceOrientationPortrait UIInterfaceOrientationPortraitUpsideDown UIInterfaceOrientationLandscapeLeft UIInterfaceOrientationLandscapeRight";
				INFOPLIST_KEY_UISupportedInterfaceOrientations_iPhone = "UIInterfaceOrientationPortrait UIInterfaceOrientationLandscapeLeft UIInterfaceOrientationLandscapeRight";
				LD_RUNPATH_SEARCH_PATHS = (
					"$(inherited)",
					"@executable_path/Frameworks",
				);
				MARKETING_VERSION = 1.0;
				PRODUCT_BUNDLE_IDENTIFIER = "com.br.pedrohenrique.financas-project";
				PRODUCT_NAME = "$(TARGET_NAME)";
				SWIFT_EMIT_LOC_STRINGS = YES;
				SWIFT_VERSION = 5.0;
				TARGETED_DEVICE_FAMILY = "1,2";
			};
			name = Release;
		};
/* End XCBuildConfiguration section */

/* Begin XCConfigurationList section */
		9687C174281B6D1C0024724F /* Build configuration list for PBXProject "financas-project" */ = {
			isa = XCConfigurationList;
			buildConfigurations = (
				9687C18B281B6D1F0024724F /* Debug */,
				9687C18C281B6D1F0024724F /* Release */,
			);
			defaultConfigurationIsVisible = 0;
			defaultConfigurationName = Release;
		};
		9687C18D281B6D1F0024724F /* Build configuration list for PBXNativeTarget "financas-project" */ = {
			isa = XCConfigurationList;
			buildConfigurations = (
				9687C18E281B6D1F0024724F /* Debug */,
				9687C18F281B6D1F0024724F /* Release */,
			);
			defaultConfigurationIsVisible = 0;
			defaultConfigurationName = Release;
		};
/* End XCConfigurationList section */

/* Begin XCRemoteSwiftPackageReference section */
		9660A794282A9D11006F12C3 /* XCRemoteSwiftPackageReference "SQLite" */ = {
			isa = XCRemoteSwiftPackageReference;
			repositoryURL = "https://github.com/stephencelis/SQLite.swift";
			requirement = {
				kind = upToNextMajorVersion;
				minimumVersion = 0.9.2;
			};
		};
/* End XCRemoteSwiftPackageReference section */

/* Begin XCSwiftPackageProductDependency section */
		9660A795282A9D11006F12C3 /* SQLite */ = {
			isa = XCSwiftPackageProductDependency;
			package = 9660A794282A9D11006F12C3 /* XCRemoteSwiftPackageReference "SQLite" */;
			productName = SQLite;
		};
/* End XCSwiftPackageProductDependency section */
	};
	rootObject = 9687C171281B6D1C0024724F /* Project object */;
}
